// !$*UTF8*$!
{
	archiveVersion = 1;
	classes = {
	};
	objectVersion = 50;
	objects = {

/* Begin PBXBuildFile section */
		04D5C4E92305D14B00DB5583 /* AppDelegate.swift in Sources */ = {isa = PBXBuildFile; fileRef = 04D5C4E82305D14B00DB5583 /* AppDelegate.swift */; };
		04D5C4EB2305D14B00DB5583 /* ViewController.swift in Sources */ = {isa = PBXBuildFile; fileRef = 04D5C4EA2305D14B00DB5583 /* ViewController.swift */; };
		04D5C4EE2305D14B00DB5583 /* Main.storyboard in Resources */ = {isa = PBXBuildFile; fileRef = 04D5C4EC2305D14B00DB5583 /* Main.storyboard */; };
		04D5C4F02305D14D00DB5583 /* Assets.xcassets in Resources */ = {isa = PBXBuildFile; fileRef = 04D5C4EF2305D14D00DB5583 /* Assets.xcassets */; };
		04D5C4F32305D14D00DB5583 /* LaunchScreen.storyboard in Resources */ = {isa = PBXBuildFile; fileRef = 04D5C4F12305D14D00DB5583 /* LaunchScreen.storyboard */; };
		04D5C4FE2305D17500DB5583 /* meow.m4a in Resources */ = {isa = PBXBuildFile; fileRef = 04D5C4FA2305D17500DB5583 /* meow.m4a */; };
		04D5C4FF2305D17500DB5583 /* SimpleSound.swift in Sources */ = {isa = PBXBuildFile; fileRef = 04D5C4FB2305D17500DB5583 /* SimpleSound.swift */; };
		04D5C5002305D17500DB5583 /* woof.m4a in Resources */ = {isa = PBXBuildFile; fileRef = 04D5C4FC2305D17500DB5583 /* woof.m4a */; };
		04D5C5012305D17500DB5583 /* moo.m4a in Resources */ = {isa = PBXBuildFile; fileRef = 04D5C4FD2305D17500DB5583 /* moo.m4a */; };
/* End PBXBuildFile section */

/* Begin PBXFileReference section */
		04D5C4E52305D14B00DB5583 /* AnimalSounds.app */ = {isa = PBXFileReference; explicitFileType = wrapper.application; includeInIndex = 0; path = AnimalSounds.app; sourceTree = BUILT_PRODUCTS_DIR; };
		04D5C4E82305D14B00DB5583 /* AppDelegate.swift */ = {isa = PBXFileReference; lastKnownFileType = sourcecode.swift; path = AppDelegate.swift; sourceTree = "<group>"; };
		04D5C4EA2305D14B00DB5583 /* ViewController.swift */ = {isa = PBXFileReference; lastKnownFileType = sourcecode.swift; path = ViewController.swift; sourceTree = "<group>"; };
		04D5C4ED2305D14B00DB5583 /* Base */ = {isa = PBXFileReference; lastKnownFileType = file.storyboard; name = Base; path = Base.lproj/Main.storyboard; sourceTree = "<group>"; };
		04D5C4EF2305D14D00DB5583 /* Assets.xcassets */ = {isa = PBXFileReference; lastKnownFileType = folder.assetcatalog; path = Assets.xcassets; sourceTree = "<group>"; };
		04D5C4F22305D14D00DB5583 /* Base */ = {isa = PBXFileReference; lastKnownFileType = file.storyboard; name = Base; path = Base.lproj/LaunchScreen.storyboard; sourceTree = "<group>"; };
		04D5C4F42305D14D00DB5583 /* Info.plist */ = {isa = PBXFileReference; lastKnownFileType = text.plist.xml; path = Info.plist; sourceTree = "<group>"; };
		04D5C4FA2305D17500DB5583 /* meow.m4a */ = {isa = PBXFileReference; lastKnownFileType = file; path = meow.m4a; sourceTree = "<group>"; };
		04D5C4FB2305D17500DB5583 /* SimpleSound.swift */ = {isa = PBXFileReference; fileEncoding = 4; lastKnownFileType = sourcecode.swift; path = SimpleSound.swift; sourceTree = "<group>"; };
		04D5C4FC2305D17500DB5583 /* woof.m4a */ = {isa = PBXFileReference; lastKnownFileType = file; path = woof.m4a; sourceTree = "<group>"; };
		04D5C4FD2305D17500DB5583 /* moo.m4a */ = {isa = PBXFileReference; lastKnownFileType = file; path = moo.m4a; sourceTree = "<group>"; };
/* End PBXFileReference section */

/* Begin PBXFrameworksBuildPhase section */
		04D5C4E22305D14B00DB5583 /* Frameworks */ = {
			isa = PBXFrameworksBuildPhase;
			buildActionMask = 2147483647;
			files = (
			);
			runOnlyForDeploymentPostprocessing = 0;
		};
/* End PBXFrameworksBuildPhase section */

/* Begin PBXGroup section */
		04D5C4DC2305D14A00DB5583 = {
			isa = PBXGroup;
			children = (
				04D5C4E72305D14B00DB5583 /* AnimalSounds */,
				04D5C4E62305D14B00DB5583 /* Products */,
			);
			sourceTree = "<group>";
		};
		04D5C4E62305D14B00DB5583 /* Products */ = {
			isa = PBXGroup;
			children = (
				04D5C4E52305D14B00DB5583 /* AnimalSounds.app */,
			);
			name = Products;
			sourceTree = "<group>";
		};
		04D5C4E72305D14B00DB5583 /* AnimalSounds */ = {
			isa = PBXGroup;
			children = (
				04D5C5022305D1B800DB5583 /* Sounds */,
				04D5C4FB2305D17500DB5583 /* SimpleSound.swift */,
				04D5C4E82305D14B00DB5583 /* AppDelegate.swift */,
				04D5C4EA2305D14B00DB5583 /* ViewController.swift */,
				04D5C4EC2305D14B00DB5583 /* Main.storyboard */,
				04D5C4EF2305D14D00DB5583 /* Assets.xcassets */,
				04D5C4F12305D14D00DB5583 /* LaunchScreen.storyboard */,
				04D5C4F42305D14D00DB5583 /* Info.plist */,
			);
			path = AnimalSounds;
			sourceTree = "<group>";
		};
		04D5C5022305D1B800DB5583 /* Sounds */ = {
			isa = PBXGroup;
			children = (
				04D5C4FD2305D17500DB5583 /* moo.m4a */,
				04D5C4FA2305D17500DB5583 /* meow.m4a */,
				04D5C4FC2305D17500DB5583 /* woof.m4a */,
			);
			path = Sounds;
			sourceTree = "<group>";
		};
/* End PBXGroup section */

/* Begin PBXNativeTarget section */
		04D5C4E42305D14B00DB5583 /* AnimalSounds */ = {
			isa = PBXNativeTarget;
			buildConfigurationList = 04D5C4F72305D14D00DB5583 /* Build configuration list for PBXNativeTarget "AnimalSounds" */;
			buildPhases = (
				04D5C4E12305D14B00DB5583 /* Sources */,
				04D5C4E22305D14B00DB5583 /* Frameworks */,
				04D5C4E32305D14B00DB5583 /* Resources */,
			);
			buildRules = (
			);
			dependencies = (
			);
			name = AnimalSounds;
			productName = AnimalSounds;
			productReference = 04D5C4E52305D14B00DB5583 /* AnimalSounds.app */;
			productType = "com.apple.product-type.application";
		};
/* End PBXNativeTarget section */

/* Begin PBXProject section */
		04D5C4DD2305D14A00DB5583 /* Project object */ = {
			isa = PBXProject;
			attributes = {
				LastSwiftUpdateCheck = 1030;
				LastUpgradeCheck = 1030;
				ORGANIZATIONNAME = "Yamashtia Keisuke";
				TargetAttributes = {
					04D5C4E42305D14B00DB5583 = {
						CreatedOnToolsVersion = 10.3;
					};
				};
			};
			buildConfigurationList = 04D5C4E02305D14A00DB5583 /* Build configuration list for PBXProject "AnimalSounds" */;
			compatibilityVersion = "Xcode 9.3";
			developmentRegion = en;
			hasScannedForEncodings = 0;
			knownRegions = (
				en,
				Base,
			);
			mainGroup = 04D5C4DC2305D14A00DB5583;
			productRefGroup = 04D5C4E62305D14B00DB5583 /* Products */;
			projectDirPath = "";
			projectRoot = "";
			targets = (
				04D5C4E42305D14B00DB5583 /* AnimalSounds */,
			);
		};
/* End PBXProject section */

/* Begin PBXResourcesBuildPhase section */
		04D5C4E32305D14B00DB5583 /* Resources */ = {
			isa = PBXResourcesBuildPhase;
			buildActionMask = 2147483647;
			files = (
				04D5C5012305D17500DB5583 /* moo.m4a in Resources */,
				04D5C4FE2305D17500DB5583 /* meow.m4a in Resources */,
				04D5C4F32305D14D00DB5583 /* LaunchScreen.storyboard in Resources */,
				04D5C4F02305D14D00DB5583 /* Assets.xcassets in Resources */,
				04D5C5002305D17500DB5583 /* woof.m4a in Resources */,
				04D5C4EE2305D14B00DB5583 /* Main.storyboard in Resources */,
			);
			runOnlyForDeploymentPostprocessing = 0;
		};
/* End PBXResourcesBuildPhase section */

/* Begin PBXSourcesBuildPhase section */
		04D5C4E12305D14B00DB5583 /* Sources */ = {
			isa = PBXSourcesBuildPhase;
			buildActionMask = 2147483647;
			files = (
				04D5C4FF2305D17500DB5583 /* SimpleSound.swift in Sources */,
				04D5C4EB2305D14B00DB5583 /* ViewController.swift in Sources */,
				04D5C4E92305D14B00DB5583 /* AppDelegate.swift in Sources */,
			);
			runOnlyForDeploymentPostprocessing = 0;
		};
/* End PBXSourcesBuildPhase section */

/* Begin PBXVariantGroup section */
		04D5C4EC2305D14B00DB5583 /* Main.storyboard */ = {
			isa = PBXVariantGroup;
			children = (
				04D5C4ED2305D14B00DB5583 /* Base */,
			);
			name = Main.storyboard;
			sourceTree = "<group>";
		};
		04D5C4F12305D14D00DB5583 /* LaunchScreen.storyboard */ = {
			isa = PBXVariantGroup;
			children = (
				04D5C4F22305D14D00DB5583 /* Base */,
			);
			name = LaunchScreen.storyboard;
			sourceTree = "<group>";
		};
/* End PBXVariantGroup section */

/* Begin XCBuildConfiguration section */
		04D5C4F52305D14D00DB5583 /* Debug */ = {
			isa = XCBuildConfiguration;
			buildSettings = {
				ALWAYS_SEARCH_USER_PATHS = NO;
				CLANG_ANALYZER_NONNULL = YES;
				CLANG_ANALYZER_NUMBER_OBJECT_CONVERSION = YES_AGGRESSIVE;
				CLANG_CXX_LANGUAGE_STANDARD = "gnu++14";
				CLANG_CXX_LIBRARY = "libc++";
				CLANG_ENABLE_MODULES = YES;
				CLANG_ENABLE_OBJC_ARC = YES;
				CLANG_ENABLE_OBJC_WEAK = YES;
				CLANG_WARN_BLOCK_CAPTURE_AUTORELEASING = YES;
				CLANG_WARN_BOOL_CONVERSION = YES;
				CLANG_WARN_COMMA = YES;
				CLANG_WARN_CONSTANT_CONVERSION = YES;
				CLANG_WARN_DEPRECATED_OBJC_IMPLEMENTATIONS = YES;
				CLANG_WARN_DIRECT_OBJC_ISA_USAGE = YES_ERROR;
				CLANG_WARN_DOCUMENTATION_COMMENTS = YES;
				CLANG_WARN_EMPTY_BODY = YES;
				CLANG_WARN_ENUM_CONVERSION = YES;
				CLANG_WARN_INFINITE_RECURSION = YES;
				CLANG_WARN_INT_CONVERSION = YES;
				CLANG_WARN_NON_LITERAL_NULL_CONVERSION = YES;
				CLANG_WARN_OBJC_IMPLICIT_RETAIN_SELF = YES;
				CLANG_WARN_OBJC_LITERAL_CONVERSION = YES;
				CLANG_WARN_OBJC_ROOT_CLASS = YES_ERROR;
				CLANG_WARN_RANGE_LOOP_ANALYSIS = YES;
				CLANG_WARN_STRICT_PROTOTYPES = YES;
				CLANG_WARN_SUSPICIOUS_MOVE = YES;
				CLANG_WARN_UNGUARDED_AVAILABILITY = YES_AGGRESSIVE;
				CLANG_WARN_UNREACHABLE_CODE = YES;
				CLANG_WARN__DUPLICATE_METHOD_MATCH = YES;
				CODE_SIGN_IDENTITY = "iPhone Developer";
				COPY_PHASE_STRIP = NO;
				DEBUG_INFORMATION_FORMAT = dwarf;
				ENABLE_STRICT_OBJC_MSGSEND = YES;
				ENABLE_TESTABILITY = YES;
				GCC_C_LANGUAGE_STANDARD = gnu11;
				GCC_DYNAMIC_NO_PIC = NO;
				GCC_NO_COMMON_BLOCKS = YES;
				GCC_OPTIMIZATION_LEVEL = 0;
				GCC_PREPROCESSOR_DEFINITIONS = (
					"DEBUG=1",
					"$(inherited)",
				);
				GCC_WARN_64_TO_32_BIT_CONVERSION = YES;
				GCC_WARN_ABOUT_RETURN_TYPE = YES_ERROR;
				GCC_WARN_UNDECLARED_SELECTOR = YES;
				GCC_WARN_UNINITIALIZED_AUTOS = YES_AGGRESSIVE;
				GCC_WARN_UNUSED_FUNCTION = YES;
				GCC_WARN_UNUSED_VARIABLE = YES;
				IPHONEOS_DEPLOYMENT_TARGET = 12.4;
				MTL_ENABLE_DEBUG_INFO = INCLUDE_SOURCE;
				MTL_FAST_MATH = YES;
				ONLY_ACTIVE_ARCH = YES;
				SDKROOT = iphoneos;
				SWIFT_ACTIVE_COMPILATION_CONDITIONS = DEBUG;
				SWIFT_OPTIMIZATION_LEVEL = "-Onone";
			};
			name = Debug;
		};
		04D5C4F62305D14D00DB5583 /* Release */ = {
			isa = XCBuildConfiguration;
			buildSettings = {
				ALWAYS_SEARCH_USER_PATHS = NO;
				CLANG_ANALYZER_NONNULL = YES;
				CLANG_ANALYZER_NUMBER_OBJECT_CONVERSION = YES_AGGRESSIVE;
				CLANG_CXX_LANGUAGE_STANDARD = "gnu++14";
				CLANG_CXX_LIBRARY = "libc++";
				CLANG_ENABLE_MODULES = YES;
				CLANG_ENABLE_OBJC_ARC = YES;
				CLANG_ENABLE_OBJC_WEAK = YES;
				CLANG_WARN_BLOCK_CAPTURE_AUTORELEASING = YES;
				CLANG_WARN_BOOL_CONVERSION = YES;
				CLANG_WARN_COMMA = YES;
				CLANG_WARN_CONSTANT_CONVERSION = YES;
				CLANG_WARN_DEPRECATED_OBJC_IMPLEMENTATIONS = YES;
				CLANG_WARN_DIRECT_OBJC_ISA_USAGE = YES_ERROR;
				CLANG_WARN_DOCUMENTATION_COMMENTS = YES;
				CLANG_WARN_EMPTY_BODY = YES;
				CLANG_WARN_ENUM_CONVERSION = YES;
				CLANG_WARN_INFINITE_RECURSION = YES;
				CLANG_WARN_INT_CONVERSION = YES;
				CLANG_WARN_NON_LITERAL_NULL_CONVERSION = YES;
				CLANG_WARN_OBJC_IMPLICIT_RETAIN_SELF = YES;
				CLANG_WARN_OBJC_LITERAL_CONVERSION = YES;
				CLANG_WARN_OBJC_ROOT_CLASS = YES_ERROR;
				CLANG_WARN_RANGE_LOOP_ANALYSIS = YES;
				CLANG_WARN_STRICT_PROTOTYPES = YES;
				CLANG_WARN_SUSPICIOUS_MOVE = YES;
				CLANG_WARN_UNGUARDED_AVAILABILITY = YES_AGGRESSIVE;
				CLANG_WARN_UNREACHABLE_CODE = YES;
				CLANG_WARN__DUPLICATE_METHOD_MATCH = YES;
				CODE_SIGN_IDENTITY = "iPhone Developer";
				COPY_PHASE_STRIP = NO;
				DEBUG_INFORMATION_FORMAT = "dwarf-with-dsym";
				ENABLE_NS_ASSERTIONS = NO;
				ENABLE_STRICT_OBJC_MSGSEND = YES;
				GCC_C_LANGUAGE_STANDARD = gnu11;
				GCC_NO_COMMON_BLOCKS = YES;
				GCC_WARN_64_TO_32_BIT_CONVERSION = YES;
				GCC_WARN_ABOUT_RETURN_TYPE = YES_ERROR;
				GCC_WARN_UNDECLARED_SELECTOR = YES;
				GCC_WARN_UNINITIALIZED_AUTOS = YES_AGGRESSIVE;
				GCC_WARN_UNUSED_FUNCTION = YES;
				GCC_WARN_UNUSED_VARIABLE = YES;
				IPHONEOS_DEPLOYMENT_TARGET = 12.4;
				MTL_ENABLE_DEBUG_INFO = NO;
				MTL_FAST_MATH = YES;
				SDKROOT = iphoneos;
				SWIFT_COMPILATION_MODE = wholemodule;
				SWIFT_OPTIMIZATION_LEVEL = "-O";
				VALIDATE_PRODUCT = YES;
			};
			name = Release;
		};
		04D5C4F82305D14D00DB5583 /* Debug */ = {
			isa = XCBuildConfiguration;
			buildSettings = {
				ASSETCATALOG_COMPILER_APPICON_NAME = AppIcon;
				CODE_SIGN_STYLE = Automatic;
				DEVELOPMENT_TEAM = FM3SAVJ89A;
				INFOPLIST_FILE = AnimalSounds/Info.plist;
				LD_RUNPATH_SEARCH_PATHS = (
					"$(inherited)",
					"@executable_path/Frameworks",
				);
				PRODUCT_BUNDLE_IDENTIFIER = com.kei95.AnimalSounds;
				PRODUCT_NAME = "$(TARGET_NAME)";
				SWIFT_VERSION = 5.0;
				TARGETED_DEVICE_FAMILY = "1,2";
			};
			name = Debug;
		};
		04D5C4F92305D14D00DB5583 /* Release */ = {
			isa = XCBuildConfiguration;
			buildSettings = {
				ASSETCATALOG_COMPILER_APPICON_NAME = AppIcon;
				CODE_SIGN_STYLE = Automatic;
				DEVELOPMENT_TEAM = FM3SAVJ89A;
				INFOPLIST_FILE = AnimalSounds/Info.plist;
				LD_RUNPATH_SEARCH_PATHS = (
					"$(inherited)",
					"@executable_path/Frameworks",
				);
				PRODUCT_BUNDLE_IDENTIFIER = com.kei95.AnimalSounds;
				PRODUCT_NAME = "$(TARGET_NAME)";
				SWIFT_VERSION = 5.0;
				TARGETED_DEVICE_FAMILY = "1,2";
			};
			name = Release;
		};
/* End XCBuildConfiguration section */

/* Begin XCConfigurationList section */
		04D5C4E02305D14A00DB5583 /* Build configuration list for PBXProject "AnimalSounds" */ = {
			isa = XCConfigurationList;
			buildConfigurations = (
				04D5C4F52305D14D00DB5583 /* Debug */,
				04D5C4F62305D14D00DB5583 /* Release */,
			);
			defaultConfigurationIsVisible = 0;
			defaultConfigurationName = Release;
		};
		04D5C4F72305D14D00DB5583 /* Build configuration list for PBXNativeTarget "AnimalSounds" */ = {
			isa = XCConfigurationList;
			buildConfigurations = (
				04D5C4F82305D14D00DB5583 /* Debug */,
				04D5C4F92305D14D00DB5583 /* Release */,
			);
			defaultConfigurationIsVisible = 0;
			defaultConfigurationName = Release;
		};
/* End XCConfigurationList section */
	};
	rootObject = 04D5C4DD2305D14A00DB5583 /* Project object */;
}
